
Microsoft Visual Studio Solution File, Format Version 12.00
# Visual Studio Version 17
VisualStudioVersion = 17.1.32407.343
MinimumVisualStudioVersion = 10.0.40219.1
Project("{FAE04EC0-301F-11D3-BF4B-00C04F79EFBC}") = "ConsoleInterface", "ConsoleInterface.csproj", "{0FC61B77-F106-44C1-9A9C-274F86FC6ACB}"
EndProject
Project("{FAE04EC0-301F-11D3-BF4B-00C04F79EFBC}") = "WinFormsApp1", "..\WinFormsApp1\WinFormsApp1.csproj", "{632F88E0-F21C-45F7-A8E2-FB8624DD5709}"
EndProject
Global
	GlobalSection(SolutionConfigurationPlatforms) = preSolution
		Debug|Any CPU = Debug|Any CPU
		Release|Any CPU = Release|Any CPU
	EndGlobalSection
	GlobalSection(ProjectConfigurationPlatforms) = postSolution
		{0FC61B77-F106-44C1-9A9C-274F86FC6ACB}.Debug|Any CPU.ActiveCfg = Debug|Any CPU
		{0FC61B77-F106-44C1-9A9C-274F86FC6ACB}.Debug|Any CPU.Build.0 = Debug|Any CPU
		{0FC61B77-F106-44C1-9A9C-274F86FC6ACB}.Release|Any CPU.ActiveCfg = Release|Any CPU
		{0FC61B77-F106-44C1-9A9C-274F86FC6ACB}.Release|Any CPU.Build.0 = Release|Any CPU
		{632F88E0-F21C-45F7-A8E2-FB8624DD5709}.Debug|Any CPU.ActiveCfg = Debug|Any CPU
		{632F88E0-F21C-45F7-A8E2-FB8624DD5709}.Debug|Any CPU.Build.0 = Debug|Any CPU
		{632F88E0-F21C-45F7-A8E2-FB8624DD5709}.Release|Any CPU.ActiveCfg = Release|Any CPU
		{632F88E0-F21C-45F7-A8E2-FB8624DD5709}.Release|Any CPU.Build.0 = Release|Any CPU
	EndGlobalSection
	GlobalSection(SolutionProperties) = preSolution
		HideSolutionNode = FALSE
	EndGlobalSection
	GlobalSection(ExtensibilityGlobals) = postSolution
		SolutionGuid = {EEBD7FFC-9118-4304-A0EF-25E9DFA03D8B}
	EndGlobalSection
EndGlobal
